
Microsoft Visual Studio Solution File, Format Version 12.00
# Visual Studio Version 16
VisualStudioVersion = 16.0.30011.22
MinimumVisualStudioVersion = 10.0.40219.1
Project("{FAE04EC0-301F-11D3-BF4B-00C04F79EFBC}") = "PhotoDesktopWFA", "PhotoDesktopWFA\PhotoDesktopWFA.csproj", "{6AB20934-1112-4F67-89B1-7B2D3377C130}"
EndProject
Project("{FAE04EC0-301F-11D3-BF4B-00C04F79EFBC}") = "PhotoDesktopLib", "PhotoDesktopLib\PhotoDesktopLib.csproj", "{E555A837-3AE7-46A0-9FA2-8E79F20DA36F}"
EndProject
Project("{FAE04EC0-301F-11D3-BF4B-00C04F79EFBC}") = "WindowsFormsControlLibrary", "WindowsFormsControlLibrary\WindowsFormsControlLibrary.csproj", "{0EB05A3E-952C-464F-8EFF-4930E86E4F4D}"
EndProject
Project("{FAE04EC0-301F-11D3-BF4B-00C04F79EFBC}") = "LockScreenHelper", "LockScreenHelper\LockScreenHelper.csproj", "{DD6DFB7C-DC50-4CD2-94D6-43A9BCDB0000}"
EndProject
Global
	GlobalSection(SolutionConfigurationPlatforms) = preSolution
		Debug|Any CPU = Debug|Any CPU
		Debug|ARM = Debug|ARM
		Debug|ARM64 = Debug|ARM64
		Debug|x64 = Debug|x64
		Debug|x86 = Debug|x86
		Release|Any CPU = Release|Any CPU
		Release|ARM = Release|ARM
		Release|ARM64 = Release|ARM64
		Release|x64 = Release|x64
		Release|x86 = Release|x86
	EndGlobalSection
	GlobalSection(ProjectConfigurationPlatforms) = postSolution
		{6AB20934-1112-4F67-89B1-7B2D3377C130}.Debug|Any CPU.ActiveCfg = Debug|Any CPU
		{6AB20934-1112-4F67-89B1-7B2D3377C130}.Debug|Any CPU.Build.0 = Debug|Any CPU
		{6AB20934-1112-4F67-89B1-7B2D3377C130}.Debug|ARM.ActiveCfg = Debug|Any CPU
		{6AB20934-1112-4F67-89B1-7B2D3377C130}.Debug|ARM.Build.0 = Debug|Any CPU
		{6AB20934-1112-4F67-89B1-7B2D3377C130}.Debug|ARM64.ActiveCfg = Debug|Any CPU
		{6AB20934-1112-4F67-89B1-7B2D3377C130}.Debug|ARM64.Build.0 = Debug|Any CPU
		{6AB20934-1112-4F67-89B1-7B2D3377C130}.Debug|x64.ActiveCfg = Debug|Any CPU
		{6AB20934-1112-4F67-89B1-7B2D3377C130}.Debug|x64.Build.0 = Debug|Any CPU
		{6AB20934-1112-4F67-89B1-7B2D3377C130}.Debug|x86.ActiveCfg = Debug|Any CPU
		{6AB20934-1112-4F67-89B1-7B2D3377C130}.Debug|x86.Build.0 = Debug|Any CPU
		{6AB20934-1112-4F67-89B1-7B2D3377C130}.Release|Any CPU.ActiveCfg = Release|Any CPU
		{6AB20934-1112-4F67-89B1-7B2D3377C130}.Release|Any CPU.Build.0 = Release|Any CPU
		{6AB20934-1112-4F67-89B1-7B2D3377C130}.Release|ARM.ActiveCfg = Release|Any CPU
		{6AB20934-1112-4F67-89B1-7B2D3377C130}.Release|ARM.Build.0 = Release|Any CPU
		{6AB20934-1112-4F67-89B1-7B2D3377C130}.Release|ARM64.ActiveCfg = Release|Any CPU
		{6AB20934-1112-4F67-89B1-7B2D3377C130}.Release|ARM64.Build.0 = Release|Any CPU
		{6AB20934-1112-4F67-89B1-7B2D3377C130}.Release|x64.ActiveCfg = Release|Any CPU
		{6AB20934-1112-4F67-89B1-7B2D3377C130}.Release|x64.Build.0 = Release|Any CPU
		{6AB20934-1112-4F67-89B1-7B2D3377C130}.Release|x86.ActiveCfg = Release|Any CPU
		{6AB20934-1112-4F67-89B1-7B2D3377C130}.Release|x86.Build.0 = Release|Any CPU
		{E555A837-3AE7-46A0-9FA2-8E79F20DA36F}.Debug|Any CPU.ActiveCfg = Debug|Any CPU
		{E555A837-3AE7-46A0-9FA2-8E79F20DA36F}.Debug|Any CPU.Build.0 = Debug|Any CPU
		{E555A837-3AE7-46A0-9FA2-8E79F20DA36F}.Debug|ARM.ActiveCfg = Debug|Any CPU
		{E555A837-3AE7-46A0-9FA2-8E79F20DA36F}.Debug|ARM.Build.0 = Debug|Any CPU
		{E555A837-3AE7-46A0-9FA2-8E79F20DA36F}.Debug|ARM64.ActiveCfg = Debug|Any CPU
		{E555A837-3AE7-46A0-9FA2-8E79F20DA36F}.Debug|ARM64.Build.0 = Debug|Any CPU
		{E555A837-3AE7-46A0-9FA2-8E79F20DA36F}.Debug|x64.ActiveCfg = Debug|Any CPU
		{E555A837-3AE7-46A0-9FA2-8E79F20DA36F}.Debug|x64.Build.0 = Debug|Any CPU
		{E555A837-3AE7-46A0-9FA2-8E79F20DA36F}.Debug|x86.ActiveCfg = Debug|Any CPU
		{E555A837-3AE7-46A0-9FA2-8E79F20DA36F}.Debug|x86.Build.0 = Debug|Any CPU
		{E555A837-3AE7-46A0-9FA2-8E79F20DA36F}.Release|Any CPU.ActiveCfg = Release|Any CPU
		{E555A837-3AE7-46A0-9FA2-8E79F20DA36F}.Release|Any CPU.Build.0 = Release|Any CPU
		{E555A837-3AE7-46A0-9FA2-8E79F20DA36F}.Release|ARM.ActiveCfg = Release|Any CPU
		{E555A837-3AE7-46A0-9FA2-8E79F20DA36F}.Release|ARM.Build.0 = Release|Any CPU
		{E555A837-3AE7-46A0-9FA2-8E79F20DA36F}.Release|ARM64.ActiveCfg = Release|Any CPU
		{E555A837-3AE7-46A0-9FA2-8E79F20DA36F}.Release|ARM64.Build.0 = Release|Any CPU
		{E555A837-3AE7-46A0-9FA2-8E79F20DA36F}.Release|x64.ActiveCfg = Release|Any CPU
		{E555A837-3AE7-46A0-9FA2-8E79F20DA36F}.Release|x64.Build.0 = Release|Any CPU
		{E555A837-3AE7-46A0-9FA2-8E79F20DA36F}.Release|x86.ActiveCfg = Release|Any CPU
		{E555A837-3AE7-46A0-9FA2-8E79F20DA36F}.Release|x86.Build.0 = Release|Any CPU
		{0EB05A3E-952C-464F-8EFF-4930E86E4F4D}.Debug|Any CPU.ActiveCfg = Debug|Any CPU
		{0EB05A3E-952C-464F-8EFF-4930E86E4F4D}.Debug|Any CPU.Build.0 = Debug|Any CPU
		{0EB05A3E-952C-464F-8EFF-4930E86E4F4D}.Debug|ARM.ActiveCfg = Debug|Any CPU
		{0EB05A3E-952C-464F-8EFF-4930E86E4F4D}.Debug|ARM.Build.0 = Debug|Any CPU
		{0EB05A3E-952C-464F-8EFF-4930E86E4F4D}.Debug|ARM64.ActiveCfg = Debug|Any CPU
		{0EB05A3E-952C-464F-8EFF-4930E86E4F4D}.Debug|ARM64.Build.0 = Debug|Any CPU
		{0EB05A3E-952C-464F-8EFF-4930E86E4F4D}.Debug|x64.ActiveCfg = Debug|Any CPU
		{0EB05A3E-952C-464F-8EFF-4930E86E4F4D}.Debug|x64.Build.0 = Debug|Any CPU
		{0EB05A3E-952C-464F-8EFF-4930E86E4F4D}.Debug|x86.ActiveCfg = Debug|Any CPU
		{0EB05A3E-952C-464F-8EFF-4930E86E4F4D}.Debug|x86.Build.0 = Debug|Any CPU
		{0EB05A3E-952C-464F-8EFF-4930E86E4F4D}.Release|Any CPU.ActiveCfg = Release|Any CPU
		{0EB05A3E-952C-464F-8EFF-4930E86E4F4D}.Release|Any CPU.Build.0 = Release|Any CPU
		{0EB05A3E-952C-464F-8EFF-4930E86E4F4D}.Release|ARM.ActiveCfg = Release|Any CPU
		{0EB05A3E-952C-464F-8EFF-4930E86E4F4D}.Release|ARM.Build.0 = Release|Any CPU
		{0EB05A3E-952C-464F-8EFF-4930E86E4F4D}.Release|ARM64.ActiveCfg = Release|Any CPU
		{0EB05A3E-952C-464F-8EFF-4930E86E4F4D}.Release|ARM64.Build.0 = Release|Any CPU
		{0EB05A3E-952C-464F-8EFF-4930E86E4F4D}.Release|x64.ActiveCfg = Release|Any CPU
		{0EB05A3E-952C-464F-8EFF-4930E86E4F4D}.Release|x64.Build.0 = Release|Any CPU
		{0EB05A3E-952C-464F-8EFF-4930E86E4F4D}.Release|x86.ActiveCfg = Release|Any CPU
		{0EB05A3E-952C-464F-8EFF-4930E86E4F4D}.Release|x86.Build.0 = Release|Any CPU
		{DD6DFB7C-DC50-4CD2-94D6-43A9BCDB0000}.Debug|Any CPU.ActiveCfg = Debug|x86
		{DD6DFB7C-DC50-4CD2-94D6-43A9BCDB0000}.Debug|ARM.ActiveCfg = Debug|ARM
		{DD6DFB7C-DC50-4CD2-94D6-43A9BCDB0000}.Debug|ARM.Build.0 = Debug|ARM
		{DD6DFB7C-DC50-4CD2-94D6-43A9BCDB0000}.Debug|ARM.Deploy.0 = Debug|ARM
		{DD6DFB7C-DC50-4CD2-94D6-43A9BCDB0000}.Debug|ARM64.ActiveCfg = Debug|ARM64
		{DD6DFB7C-DC50-4CD2-94D6-43A9BCDB0000}.Debug|ARM64.Build.0 = Debug|ARM64
		{DD6DFB7C-DC50-4CD2-94D6-43A9BCDB0000}.Debug|ARM64.Deploy.0 = Debug|ARM64
		{DD6DFB7C-DC50-4CD2-94D6-43A9BCDB0000}.Debug|x64.ActiveCfg = Debug|x64
		{DD6DFB7C-DC50-4CD2-94D6-43A9BCDB0000}.Debug|x64.Build.0 = Debug|x64
		{DD6DFB7C-DC50-4CD2-94D6-43A9BCDB0000}.Debug|x64.Deploy.0 = Debug|x64
		{DD6DFB7C-DC50-4CD2-94D6-43A9BCDB0000}.Debug|x86.ActiveCfg = Debug|x86
		{DD6DFB7C-DC50-4CD2-94D6-43A9BCDB0000}.Debug|x86.Build.0 = Debug|x86
		{DD6DFB7C-DC50-4CD2-94D6-43A9BCDB0000}.Debug|x86.Deploy.0 = Debug|x86
		{DD6DFB7C-DC50-4CD2-94D6-43A9BCDB0000}.Release|Any CPU.ActiveCfg = Release|x86
		{DD6DFB7C-DC50-4CD2-94D6-43A9BCDB0000}.Release|ARM.ActiveCfg = Release|ARM
		{DD6DFB7C-DC50-4CD2-94D6-43A9BCDB0000}.Release|ARM.Build.0 = Release|ARM
		{DD6DFB7C-DC50-4CD2-94D6-43A9BCDB0000}.Release|ARM.Deploy.0 = Release|ARM
		{DD6DFB7C-DC50-4CD2-94D6-43A9BCDB0000}.Release|ARM64.ActiveCfg = Release|ARM64
		{DD6DFB7C-DC50-4CD2-94D6-43A9BCDB0000}.Release|ARM64.Build.0 = Release|ARM64
		{DD6DFB7C-DC50-4CD2-94D6-43A9BCDB0000}.Release|ARM64.Deploy.0 = Release|ARM64
		{DD6DFB7C-DC50-4CD2-94D6-43A9BCDB0000}.Release|x64.ActiveCfg = Release|x64
		{DD6DFB7C-DC50-4CD2-94D6-43A9BCDB0000}.Release|x64.Build.0 = Release|x64
		{DD6DFB7C-DC50-4CD2-94D6-43A9BCDB0000}.Release|x64.Deploy.0 = Release|x64
		{DD6DFB7C-DC50-4CD2-94D6-43A9BCDB0000}.Release|x86.ActiveCfg = Release|x86
		{DD6DFB7C-DC50-4CD2-94D6-43A9BCDB0000}.Release|x86.Build.0 = Release|x86
		{DD6DFB7C-DC50-4CD2-94D6-43A9BCDB0000}.Release|x86.Deploy.0 = Release|x86
	EndGlobalSection
	GlobalSection(SolutionProperties) = preSolution
		HideSolutionNode = FALSE
	EndGlobalSection
	GlobalSection(ExtensibilityGlobals) = postSolution
		SolutionGuid = {69A85949-30B7-4643-8E1A-F2044ABC4B6D}
	EndGlobalSection
EndGlobal
